
Microsoft Visual Studio Solution File, Format Version 12.00
# Visual Studio Version 17
VisualStudioVersion = 17.1.32414.318
MinimumVisualStudioVersion = 10.0.40219.1
Project("{FAE04EC0-301F-11D3-BF4B-00C04F79EFBC}") = "Lesson2.String", "Lesson2.String\Lesson2.String.csproj", "{2BDBCF64-2088-4DD3-991A-0D64CBEAEBF5}"
EndProject
Global
	GlobalSection(SolutionConfigurationPlatforms) = preSolution
		Debug|Any CPU = Debug|Any CPU
		Release|Any CPU = Release|Any CPU
	EndGlobalSection
	GlobalSection(ProjectConfigurationPlatforms) = postSolution
		{2BDBCF64-2088-4DD3-991A-0D64CBEAEBF5}.Debug|Any CPU.ActiveCfg = Debug|Any CPU
		{2BDBCF64-2088-4DD3-991A-0D64CBEAEBF5}.Debug|Any CPU.Build.0 = Debug|Any CPU
		{2BDBCF64-2088-4DD3-991A-0D64CBEAEBF5}.Release|Any CPU.ActiveCfg = Release|Any CPU
		{2BDBCF64-2088-4DD3-991A-0D64CBEAEBF5}.Release|Any CPU.Build.0 = Release|Any CPU
	EndGlobalSection
	GlobalSection(SolutionProperties) = preSolution
		HideSolutionNode = FALSE
	EndGlobalSection
	GlobalSection(ExtensibilityGlobals) = postSolution
		SolutionGuid = {E513E6B3-FDDC-4E9D-B3F5-C405D4FD3B71}
	EndGlobalSection
EndGlobal
